{
    "version": 3,
    "terraform_version": "0.11.7",
    "serial": 7,
    "lineage": "a78553ef-3863-1729-a6c3-3a10cdf54098",
    "modules": [
        {
            "path": [
                "root"
            ],
            "outputs": {},
            "resources": {
                "aws_security_group.http.0": {
                    "type": "aws_security_group",
                    "depends_on": [
                        "local.name_prefix",
                        "local.vpc_cidr"
                    ],
                    "primary": {
                        "id": "sg-0b009f05309dc2910",
                        "attributes": {
                            "arn": "arn:aws:ec2:us-west-2:893437554381:security-group/sg-0b009f05309dc2910",
                            "description": "Allow all HTTP traffic",
                            "egress.#": "0",
                            "id": "sg-0b009f05309dc2910",
                            "ingress.#": "1",
                            "ingress.2482231526.cidr_blocks.#": "1",
                            "ingress.2482231526.cidr_blocks.0": "10.10.0.0/16",
                            "ingress.2482231526.description": "",
                            "ingress.2482231526.from_port": "80",
                            "ingress.2482231526.ipv6_cidr_blocks.#": "0",
                            "ingress.2482231526.prefix_list_ids.#": "0",
                            "ingress.2482231526.protocol": "tcp",
                            "ingress.2482231526.security_groups.#": "0",
                            "ingress.2482231526.self": "false",
                            "ingress.2482231526.to_port": "80",
                            "name": "HTTPfromOut",
                            "owner_id": "893437554381",
                            "revoke_rules_on_delete": "false",
                            "tags.%": "1",
                            "tags.Name": "HTTPfromOut",
                            "vpc_id": "vpc-0f9ddce52e1dde549"
                        },
                        "meta": {
                            "e2bfb730-ecaa-11e6-8f88-34363bc7c4c0": {
                                "create": 600000000000,
                                "delete": 600000000000
                            },
                            "schema_version": "1"
                        },
                        "tainted": false
                    },
                    "deposed": [],
                    "provider": "provider.aws"
                },
                "aws_security_group.http.1": {
                    "type": "aws_security_group",
                    "depends_on": [
                        "local.name_prefix",
                        "local.vpc_cidr"
                    ],
                    "primary": {
                        "id": "sg-027d8066700252808",
                        "attributes": {
                            "arn": "arn:aws:ec2:us-west-2:893437554381:security-group/sg-027d8066700252808",
                            "description": "Allow all HTTP traffic",
                            "egress.#": "0",
                            "id": "sg-027d8066700252808",
                            "ingress.#": "1",
                            "ingress.4136714387.cidr_blocks.#": "1",
                            "ingress.4136714387.cidr_blocks.0": "172.16.0.0/16",
                            "ingress.4136714387.description": "",
                            "ingress.4136714387.from_port": "80",
                            "ingress.4136714387.ipv6_cidr_blocks.#": "0",
                            "ingress.4136714387.prefix_list_ids.#": "0",
                            "ingress.4136714387.protocol": "tcp",
                            "ingress.4136714387.security_groups.#": "0",
                            "ingress.4136714387.self": "false",
                            "ingress.4136714387.to_port": "80",
                            "name": "HTTPfromOut",
                            "owner_id": "893437554381",
                            "revoke_rules_on_delete": "false",
                            "tags.%": "1",
                            "tags.Name": "HTTPfromOut",
                            "vpc_id": "vpc-0a4b31cb2e8ecb771"
                        },
                        "meta": {
                            "e2bfb730-ecaa-11e6-8f88-34363bc7c4c0": {
                                "create": 600000000000,
                                "delete": 600000000000
                            },
                            "schema_version": "1"
                        },
                        "tainted": false
                    },
                    "deposed": [],
                    "provider": "provider.aws"
                },
                "aws_vpc_peering_connection.foo": {
                    "type": "aws_vpc_peering_connection",
                    "depends_on": [
                        "data.aws_caller_identity.current",
                        "module.urvpc",
                        "module.vpc"
                    ],
                    "primary": {
                        "id": "pcx-01127fceaa65b9d0e",
                        "attributes": {
                            "accept_status": "active",
                            "accepter.#": "1",
                            "accepter.3244290774.allow_classic_link_to_remote_vpc": "false",
                            "accepter.3244290774.allow_remote_vpc_dns_resolution": "false",
                            "accepter.3244290774.allow_vpc_to_remote_classic_link": "false",
                            "auto_accept": "true",
                            "id": "pcx-01127fceaa65b9d0e",
                            "peer_owner_id": "893437554381",
                            "peer_region": "us-west-2",
                            "peer_vpc_id": "vpc-0a4b31cb2e8ecb771",
                            "requester.#": "1",
                            "requester.3244290774.allow_classic_link_to_remote_vpc": "false",
                            "requester.3244290774.allow_remote_vpc_dns_resolution": "false",
                            "requester.3244290774.allow_vpc_to_remote_classic_link": "false",
                            "tags.%": "0",
                            "vpc_id": "vpc-0f9ddce52e1dde549"
                        },
                        "meta": {
                            "e2bfb730-ecaa-11e6-8f88-34363bc7c4c0": {
                                "create": 60000000000,
                                "delete": 60000000000,
                                "update": 60000000000
                            }
                        },
                        "tainted": false
                    },
                    "deposed": [],
                    "provider": "provider.aws"
                },
                "data.aws_caller_identity.current": {
                    "type": "aws_caller_identity",
                    "depends_on": [],
                    "primary": {
                        "id": "2019-01-19 08:10:44.234006 +0000 UTC",
                        "attributes": {
                            "account_id": "893437554381",
                            "arn": "arn:aws:iam::893437554381:user/ajaco7",
                            "id": "2019-01-19 08:10:44.234006 +0000 UTC",
                            "user_id": "AIDAJRODMEGLFOUOXQL46"
                        },
                        "meta": {},
                        "tainted": false
                    },
                    "deposed": [],
                    "provider": "provider.aws"
                }
            },
            "depends_on": []
        },
        {
            "path": [
                "root",
                "urvpc"
            ],
            "outputs": {
                "azs": {
                    "sensitive": false,
                    "type": "list",
                    "value": [
                        "us-west-2a",
                        "us-west-2b",
                        "us-west-2c"
                    ]
                },
                "database_route_table_ids": {
                    "sensitive": false,
                    "type": "list",
                    "value": [
                        "rtb-011c8c2b2a3fe9a1a"
                    ]
                },
                "database_subnet_group": {
                    "sensitive": false,
                    "type": "string",
                    "value": ""
                },
                "database_subnets": {
                    "sensitive": false,
                    "type": "list",
                    "value": []
                },
                "database_subnets_cidr_blocks": {
                    "sensitive": false,
                    "type": "list",
                    "value": []
                },
                "default_network_acl_id": {
                    "sensitive": false,
                    "type": "string",
                    "value": "acl-06bb91139eda39cd7"
                },
                "default_route_table_id": {
                    "sensitive": false,
                    "type": "string",
                    "value": "rtb-0043043610b982d5c"
                },
                "default_security_group_id": {
                    "sensitive": false,
                    "type": "string",
                    "value": "sg-0a559d75a965327e5"
                },
                "default_vpc_cidr_block": {
                    "sensitive": false,
                    "type": "string",
                    "value": ""
                },
                "default_vpc_default_network_acl_id": {
                    "sensitive": false,
                    "type": "string",
                    "value": ""
                },
                "default_vpc_default_route_table_id": {
                    "sensitive": false,
                    "type": "string",
                    "value": ""
                },
                "default_vpc_default_security_group_id": {
                    "sensitive": false,
                    "type": "string",
                    "value": ""
                },
                "default_vpc_enable_dns_hostnames": {
                    "sensitive": false,
                    "type": "string",
                    "value": ""
                },
                "default_vpc_enable_dns_support": {
                    "sensitive": false,
                    "type": "string",
                    "value": ""
                },
                "default_vpc_id": {
                    "sensitive": false,
                    "type": "string",
                    "value": ""
                },
                "default_vpc_instance_tenancy": {
                    "sensitive": false,
                    "type": "string",
                    "value": ""
                },
                "default_vpc_main_route_table_id": {
                    "sensitive": false,
                    "type": "string",
                    "value": ""
                },
                "elasticache_route_table_ids": {
                    "sensitive": false,
                    "type": "list",
                    "value": [
                        "rtb-011c8c2b2a3fe9a1a"
                    ]
                },
                "elasticache_subnet_group": {
                    "sensitive": false,
                    "type": "string",
                    "value": ""
                },
                "elasticache_subnet_group_name": {
                    "sensitive": false,
                    "type": "string",
                    "value": ""
                },
                "elasticache_subnets": {
                    "sensitive": false,
                    "type": "list",
                    "value": []
                },
                "elasticache_subnets_cidr_blocks": {
                    "sensitive": false,
                    "type": "list",
                    "value": []
                },
                "igw_id": {
                    "sensitive": false,
                    "type": "string",
                    "value": "igw-052883169844ad1f5"
                },
                "intra_route_table_ids": {
                    "sensitive": false,
                    "type": "list",
                    "value": []
                },
                "intra_subnets": {
                    "sensitive": false,
                    "type": "list",
                    "value": []
                },
                "intra_subnets_cidr_blocks": {
                    "sensitive": false,
                    "type": "list",
                    "value": []
                },
                "nat_ids": {
                    "sensitive": false,
                    "type": "list",
                    "value": [
                        "eipalloc-0cb58deed40e74716"
                    ]
                },
                "nat_public_ips": {
                    "sensitive": false,
                    "type": "list",
                    "value": [
                        "35.164.68.76"
                    ]
                },
                "natgw_ids": {
                    "sensitive": false,
                    "type": "list",
                    "value": [
                        "nat-03859bd6858d0250e"
                    ]
                },
                "private_route_table_ids": {
                    "sensitive": false,
                    "type": "list",
                    "value": [
                        "rtb-011c8c2b2a3fe9a1a"
                    ]
                },
                "private_subnets": {
                    "sensitive": false,
                    "type": "list",
                    "value": [
                        "subnet-00c104304439e7ea8",
                        "subnet-05e3a822120a348f2",
                        "subnet-0ef04033f96537c86"
                    ]
                },
                "private_subnets_cidr_blocks": {
                    "sensitive": false,
                    "type": "list",
                    "value": [
                        "172.16.0.0/24",
                        "172.16.1.0/24",
                        "172.16.2.0/24"
                    ]
                },
                "public_route_table_ids": {
                    "sensitive": false,
                    "type": "list",
                    "value": [
                        "rtb-0eb101bf67850811f"
                    ]
                },
                "public_subnets": {
                    "sensitive": false,
                    "type": "list",
                    "value": [
                        "subnet-09179314f59d05fc1",
                        "subnet-0239db3ac469347bb",
                        "subnet-0422fbe4f4d9e80b4"
                    ]
                },
                "public_subnets_cidr_blocks": {
                    "sensitive": false,
                    "type": "list",
                    "value": [
                        "172.16.3.0/24",
                        "172.16.4.0/24",
                        "172.16.5.0/24"
                    ]
                },
                "redshift_route_table_ids": {
                    "sensitive": false,
                    "type": "list",
                    "value": [
                        "rtb-011c8c2b2a3fe9a1a"
                    ]
                },
                "redshift_subnet_group": {
                    "sensitive": false,
                    "type": "string",
                    "value": ""
                },
                "redshift_subnets": {
                    "sensitive": false,
                    "type": "list",
                    "value": []
                },
                "redshift_subnets_cidr_blocks": {
                    "sensitive": false,
                    "type": "list",
                    "value": []
                },
                "vgw_id": {
                    "sensitive": false,
                    "type": "string",
                    "value": ""
                },
                "vpc_cidr_block": {
                    "sensitive": false,
                    "type": "string",
                    "value": "172.16.0.0/16"
                },
                "vpc_enable_dns_hostnames": {
                    "sensitive": false,
                    "type": "string",
                    "value": "false"
                },
                "vpc_enable_dns_support": {
                    "sensitive": false,
                    "type": "string",
                    "value": "true"
                },
                "vpc_endpoint_dynamodb_id": {
                    "sensitive": false,
                    "type": "string",
                    "value": "vpce-0f496c2f26f5eb94a"
                },
                "vpc_endpoint_dynamodb_pl_id": {
                    "sensitive": false,
                    "type": "string",
                    "value": "pl-00a54069"
                },
                "vpc_endpoint_s3_id": {
                    "sensitive": false,
                    "type": "string",
                    "value": "vpce-07f7838868140ece1"
                },
                "vpc_endpoint_s3_pl_id": {
                    "sensitive": false,
                    "type": "string",
                    "value": "pl-68a54001"
                },
                "vpc_id": {
                    "sensitive": false,
                    "type": "string",
                    "value": "vpc-0a4b31cb2e8ecb771"
                },
                "vpc_instance_tenancy": {
                    "sensitive": false,
                    "type": "string",
                    "value": "default"
                },
                "vpc_main_route_table_id": {
                    "sensitive": false,
                    "type": "string",
                    "value": "rtb-0043043610b982d5c"
                },
                "vpc_secondary_cidr_blocks": {
                    "sensitive": false,
                    "type": "list",
                    "value": []
                }
            },
            "resources": {
                "aws_eip.nat": {
                    "type": "aws_eip",
                    "depends_on": [
                        "local.nat_gateway_count"
                    ],
                    "primary": {
                        "id": "eipalloc-0cb58deed40e74716",
                        "attributes": {
                            "association_id": "eipassoc-77a67c88",
                            "domain": "vpc",
                            "id": "eipalloc-0cb58deed40e74716",
                            "instance": "",
                            "network_interface": "eni-060687202a41864b7",
                            "private_ip": "172.16.3.68",
                            "public_ip": "35.164.68.76",
                            "public_ipv4_pool": "amazon",
                            "tags.%": "3",
                            "tags.Environment": "staging",
                            "tags.Name": "Unroutable-VPC",
                            "tags.Owner": "user",
                            "vpc": "true"
                        },
                        "meta": {
                            "e2bfb730-ecaa-11e6-8f88-34363bc7c4c0": {
                                "delete": 180000000000,
                                "read": 900000000000,
                                "update": 300000000000
                            }
                        },
                        "tainted": false
                    },
                    "deposed": [],
                    "provider": "provider.aws"
                },
                "aws_internet_gateway.this": {
                    "type": "aws_internet_gateway",
                    "depends_on": [
                        "local.vpc_id"
                    ],
                    "primary": {
                        "id": "igw-052883169844ad1f5",
                        "attributes": {
                            "id": "igw-052883169844ad1f5",
                            "owner_id": "893437554381",
                            "tags.%": "3",
                            "tags.Environment": "staging",
                            "tags.Name": "Unroutable-VPC",
                            "tags.Owner": "user",
                            "vpc_id": "vpc-0a4b31cb2e8ecb771"
                        },
                        "meta": {},
                        "tainted": false
                    },
                    "deposed": [],
                    "provider": "provider.aws"
                },
                "aws_nat_gateway.this": {
                    "type": "aws_nat_gateway",
                    "depends_on": [
                        "aws_internet_gateway.this",
                        "aws_subnet.public.*",
                        "local.nat_gateway_count",
                        "local.nat_gateway_ips"
                    ],
                    "primary": {
                        "id": "nat-03859bd6858d0250e",
                        "attributes": {
                            "allocation_id": "eipalloc-0cb58deed40e74716",
                            "id": "nat-03859bd6858d0250e",
                            "network_interface_id": "eni-060687202a41864b7",
                            "private_ip": "172.16.3.68",
                            "public_ip": "35.164.68.76",
                            "subnet_id": "subnet-09179314f59d05fc1",
                            "tags.%": "3",
                            "tags.Environment": "staging",
                            "tags.Name": "Unroutable-VPC",
                            "tags.Owner": "user"
                        },
                        "meta": {},
                        "tainted": false
                    },
                    "deposed": [],
                    "provider": "provider.aws"
                },
                "aws_route.private_nat_gateway": {
                    "type": "aws_route",
                    "depends_on": [
                        "aws_nat_gateway.this.*",
                        "aws_route_table.private.*",
                        "local.nat_gateway_count"
                    ],
                    "primary": {
                        "id": "r-rtb-011c8c2b2a3fe9a1a1080289494",
                        "attributes": {
                            "destination_cidr_block": "0.0.0.0/0",
                            "destination_prefix_list_id": "",
                            "egress_only_gateway_id": "",
                            "gateway_id": "",
                            "id": "r-rtb-011c8c2b2a3fe9a1a1080289494",
                            "instance_id": "",
                            "instance_owner_id": "",
                            "nat_gateway_id": "nat-03859bd6858d0250e",
                            "network_interface_id": "",
                            "origin": "CreateRoute",
                            "route_table_id": "rtb-011c8c2b2a3fe9a1a",
                            "state": "active",
                            "transit_gateway_id": "",
                            "vpc_peering_connection_id": ""
                        },
                        "meta": {
                            "e2bfb730-ecaa-11e6-8f88-34363bc7c4c0": {
                                "create": 300000000000,
                                "delete": 300000000000
                            }
                        },
                        "tainted": false
                    },
                    "deposed": [],
                    "provider": "provider.aws"
                },
                "aws_route.public_internet_gateway": {
                    "type": "aws_route",
                    "depends_on": [
                        "aws_internet_gateway.this",
                        "aws_route_table.public"
                    ],
                    "primary": {
                        "id": "r-rtb-0eb101bf67850811f1080289494",
                        "attributes": {
                            "destination_cidr_block": "0.0.0.0/0",
                            "destination_prefix_list_id": "",
                            "egress_only_gateway_id": "",
                            "gateway_id": "igw-052883169844ad1f5",
                            "id": "r-rtb-0eb101bf67850811f1080289494",
                            "instance_id": "",
                            "instance_owner_id": "",
                            "nat_gateway_id": "",
                            "network_interface_id": "",
                            "origin": "CreateRoute",
                            "route_table_id": "rtb-0eb101bf67850811f",
                            "state": "active",
                            "transit_gateway_id": "",
                            "vpc_peering_connection_id": ""
                        },
                        "meta": {
                            "e2bfb730-ecaa-11e6-8f88-34363bc7c4c0": {
                                "create": 300000000000,
                                "delete": 300000000000
                            }
                        },
                        "tainted": false
                    },
                    "deposed": [],
                    "provider": "provider.aws"
                },
                "aws_route_table.private": {
                    "type": "aws_route_table",
                    "depends_on": [
                        "local.max_subnet_length",
                        "local.nat_gateway_count",
                        "local.vpc_id"
                    ],
                    "primary": {
                        "id": "rtb-011c8c2b2a3fe9a1a",
                        "attributes": {
                            "id": "rtb-011c8c2b2a3fe9a1a",
                            "owner_id": "893437554381",
                            "propagating_vgws.#": "0",
                            "route.#": "1",
                            "route.2995169312.cidr_block": "0.0.0.0/0",
                            "route.2995169312.egress_only_gateway_id": "",
                            "route.2995169312.gateway_id": "",
                            "route.2995169312.instance_id": "",
                            "route.2995169312.ipv6_cidr_block": "",
                            "route.2995169312.nat_gateway_id": "nat-03859bd6858d0250e",
                            "route.2995169312.network_interface_id": "",
                            "route.2995169312.transit_gateway_id": "",
                            "route.2995169312.vpc_peering_connection_id": "",
                            "tags.%": "3",
                            "tags.Environment": "staging",
                            "tags.Name": "Unroutable-VPC",
                            "tags.Owner": "user",
                            "vpc_id": "vpc-0a4b31cb2e8ecb771"
                        },
                        "meta": {},
                        "tainted": false
                    },
                    "deposed": [],
                    "provider": "provider.aws"
                },
                "aws_route_table.public": {
                    "type": "aws_route_table",
                    "depends_on": [
                        "local.vpc_id"
                    ],
                    "primary": {
                        "id": "rtb-0eb101bf67850811f",
                        "attributes": {
                            "id": "rtb-0eb101bf67850811f",
                            "owner_id": "893437554381",
                            "propagating_vgws.#": "0",
                            "route.#": "1",
                            "route.3707590317.cidr_block": "0.0.0.0/0",
                            "route.3707590317.egress_only_gateway_id": "",
                            "route.3707590317.gateway_id": "igw-052883169844ad1f5",
                            "route.3707590317.instance_id": "",
                            "route.3707590317.ipv6_cidr_block": "",
                            "route.3707590317.nat_gateway_id": "",
                            "route.3707590317.network_interface_id": "",
                            "route.3707590317.transit_gateway_id": "",
                            "route.3707590317.vpc_peering_connection_id": "",
                            "tags.%": "3",
                            "tags.Environment": "staging",
                            "tags.Name": "Unroutable-VPC",
                            "tags.Owner": "user",
                            "vpc_id": "vpc-0a4b31cb2e8ecb771"
                        },
                        "meta": {},
                        "tainted": false
                    },
                    "deposed": [],
                    "provider": "provider.aws"
                },
                "aws_route_table_association.private.0": {
                    "type": "aws_route_table_association",
                    "depends_on": [
                        "aws_route_table.private.*",
                        "aws_subnet.private.*"
                    ],
                    "primary": {
                        "id": "rtbassoc-0decebc56802466cd",
                        "attributes": {
                            "id": "rtbassoc-0decebc56802466cd",
                            "route_table_id": "rtb-011c8c2b2a3fe9a1a",
                            "subnet_id": "subnet-00c104304439e7ea8"
                        },
                        "meta": {},
                        "tainted": false
                    },
                    "deposed": [],
                    "provider": "provider.aws"
                },
                "aws_route_table_association.private.1": {
                    "type": "aws_route_table_association",
                    "depends_on": [
                        "aws_route_table.private.*",
                        "aws_subnet.private.*"
                    ],
                    "primary": {
                        "id": "rtbassoc-052a4322b7473b87c",
                        "attributes": {
                            "id": "rtbassoc-052a4322b7473b87c",
                            "route_table_id": "rtb-011c8c2b2a3fe9a1a",
                            "subnet_id": "subnet-05e3a822120a348f2"
                        },
                        "meta": {},
                        "tainted": false
                    },
                    "deposed": [],
                    "provider": "provider.aws"
                },
                "aws_route_table_association.private.2": {
                    "type": "aws_route_table_association",
                    "depends_on": [
                        "aws_route_table.private.*",
                        "aws_subnet.private.*"
                    ],
                    "primary": {
                        "id": "rtbassoc-0ccdf341f07a018d4",
                        "attributes": {
                            "id": "rtbassoc-0ccdf341f07a018d4",
                            "route_table_id": "rtb-011c8c2b2a3fe9a1a",
                            "subnet_id": "subnet-0ef04033f96537c86"
                        },
                        "meta": {},
                        "tainted": false
                    },
                    "deposed": [],
                    "provider": "provider.aws"
                },
                "aws_route_table_association.public.0": {
                    "type": "aws_route_table_association",
                    "depends_on": [
                        "aws_route_table.public",
                        "aws_subnet.public.*"
                    ],
                    "primary": {
                        "id": "rtbassoc-0be2e975014ba00e8",
                        "attributes": {
                            "id": "rtbassoc-0be2e975014ba00e8",
                            "route_table_id": "rtb-0eb101bf67850811f",
                            "subnet_id": "subnet-09179314f59d05fc1"
                        },
                        "meta": {},
                        "tainted": false
                    },
                    "deposed": [],
                    "provider": "provider.aws"
                },
                "aws_route_table_association.public.1": {
                    "type": "aws_route_table_association",
                    "depends_on": [
                        "aws_route_table.public",
                        "aws_subnet.public.*"
                    ],
                    "primary": {
                        "id": "rtbassoc-0d232a878784223da",
                        "attributes": {
                            "id": "rtbassoc-0d232a878784223da",
                            "route_table_id": "rtb-0eb101bf67850811f",
                            "subnet_id": "subnet-0239db3ac469347bb"
                        },
                        "meta": {},
                        "tainted": false
                    },
                    "deposed": [],
                    "provider": "provider.aws"
                },
                "aws_route_table_association.public.2": {
                    "type": "aws_route_table_association",
                    "depends_on": [
                        "aws_route_table.public",
                        "aws_subnet.public.*"
                    ],
                    "primary": {
                        "id": "rtbassoc-07ccfe78a12de777b",
                        "attributes": {
                            "id": "rtbassoc-07ccfe78a12de777b",
                            "route_table_id": "rtb-0eb101bf67850811f",
                            "subnet_id": "subnet-0422fbe4f4d9e80b4"
                        },
                        "meta": {},
                        "tainted": false
                    },
                    "deposed": [],
                    "provider": "provider.aws"
                },
                "aws_subnet.private.0": {
                    "type": "aws_subnet",
                    "depends_on": [
                        "local.vpc_id"
                    ],
                    "primary": {
                        "id": "subnet-00c104304439e7ea8",
                        "attributes": {
                            "arn": "arn:aws:ec2:us-west-2:893437554381:subnet/subnet-00c104304439e7ea8",
                            "assign_ipv6_address_on_creation": "false",
                            "availability_zone": "us-west-2a",
                            "availability_zone_id": "usw2-az1",
                            "cidr_block": "172.16.0.0/24",
                            "id": "subnet-00c104304439e7ea8",
                            "ipv6_cidr_block": "",
                            "ipv6_cidr_block_association_id": "",
                            "map_public_ip_on_launch": "false",
                            "owner_id": "893437554381",
                            "tags.%": "3",
                            "tags.Environment": "staging",
                            "tags.Name": "Unroutable-VPC",
                            "tags.Owner": "user",
                            "vpc_id": "vpc-0a4b31cb2e8ecb771"
                        },
                        "meta": {
                            "e2bfb730-ecaa-11e6-8f88-34363bc7c4c0": {
                                "create": 600000000000,
                                "delete": 600000000000
                            },
                            "schema_version": "1"
                        },
                        "tainted": false
                    },
                    "deposed": [],
                    "provider": "provider.aws"
                },
                "aws_subnet.private.1": {
                    "type": "aws_subnet",
                    "depends_on": [
                        "local.vpc_id"
                    ],
                    "primary": {
                        "id": "subnet-05e3a822120a348f2",
                        "attributes": {
                            "arn": "arn:aws:ec2:us-west-2:893437554381:subnet/subnet-05e3a822120a348f2",
                            "assign_ipv6_address_on_creation": "false",
                            "availability_zone": "us-west-2b",
                            "availability_zone_id": "usw2-az2",
                            "cidr_block": "172.16.1.0/24",
                            "id": "subnet-05e3a822120a348f2",
                            "ipv6_cidr_block": "",
                            "ipv6_cidr_block_association_id": "",
                            "map_public_ip_on_launch": "false",
                            "owner_id": "893437554381",
                            "tags.%": "3",
                            "tags.Environment": "staging",
                            "tags.Name": "Unroutable-VPC",
                            "tags.Owner": "user",
                            "vpc_id": "vpc-0a4b31cb2e8ecb771"
                        },
                        "meta": {
                            "e2bfb730-ecaa-11e6-8f88-34363bc7c4c0": {
                                "create": 600000000000,
                                "delete": 600000000000
                            },
                            "schema_version": "1"
                        },
                        "tainted": false
                    },
                    "deposed": [],
                    "provider": "provider.aws"
                },
                "aws_subnet.private.2": {
                    "type": "aws_subnet",
                    "depends_on": [
                        "local.vpc_id"
                    ],
                    "primary": {
                        "id": "subnet-0ef04033f96537c86",
                        "attributes": {
                            "arn": "arn:aws:ec2:us-west-2:893437554381:subnet/subnet-0ef04033f96537c86",
                            "assign_ipv6_address_on_creation": "false",
                            "availability_zone": "us-west-2c",
                            "availability_zone_id": "usw2-az3",
                            "cidr_block": "172.16.2.0/24",
                            "id": "subnet-0ef04033f96537c86",
                            "ipv6_cidr_block": "",
                            "ipv6_cidr_block_association_id": "",
                            "map_public_ip_on_launch": "false",
                            "owner_id": "893437554381",
                            "tags.%": "3",
                            "tags.Environment": "staging",
                            "tags.Name": "Unroutable-VPC",
                            "tags.Owner": "user",
                            "vpc_id": "vpc-0a4b31cb2e8ecb771"
                        },
                        "meta": {
                            "e2bfb730-ecaa-11e6-8f88-34363bc7c4c0": {
                                "create": 600000000000,
                                "delete": 600000000000
                            },
                            "schema_version": "1"
                        },
                        "tainted": false
                    },
                    "deposed": [],
                    "provider": "provider.aws"
                },
                "aws_subnet.public.0": {
                    "type": "aws_subnet",
                    "depends_on": [
                        "local.vpc_id"
                    ],
                    "primary": {
                        "id": "subnet-09179314f59d05fc1",
                        "attributes": {
                            "arn": "arn:aws:ec2:us-west-2:893437554381:subnet/subnet-09179314f59d05fc1",
                            "assign_ipv6_address_on_creation": "false",
                            "availability_zone": "us-west-2a",
                            "availability_zone_id": "usw2-az1",
                            "cidr_block": "172.16.3.0/24",
                            "id": "subnet-09179314f59d05fc1",
                            "ipv6_cidr_block": "",
                            "ipv6_cidr_block_association_id": "",
                            "map_public_ip_on_launch": "true",
                            "owner_id": "893437554381",
                            "tags.%": "3",
                            "tags.Environment": "staging",
                            "tags.Name": "Unroutable-VPC",
                            "tags.Owner": "user",
                            "vpc_id": "vpc-0a4b31cb2e8ecb771"
                        },
                        "meta": {
                            "e2bfb730-ecaa-11e6-8f88-34363bc7c4c0": {
                                "create": 600000000000,
                                "delete": 600000000000
                            },
                            "schema_version": "1"
                        },
                        "tainted": false
                    },
                    "deposed": [],
                    "provider": "provider.aws"
                },
                "aws_subnet.public.1": {
                    "type": "aws_subnet",
                    "depends_on": [
                        "local.vpc_id"
                    ],
                    "primary": {
                        "id": "subnet-0239db3ac469347bb",
                        "attributes": {
                            "arn": "arn:aws:ec2:us-west-2:893437554381:subnet/subnet-0239db3ac469347bb",
                            "assign_ipv6_address_on_creation": "false",
                            "availability_zone": "us-west-2b",
                            "availability_zone_id": "usw2-az2",
                            "cidr_block": "172.16.4.0/24",
                            "id": "subnet-0239db3ac469347bb",
                            "ipv6_cidr_block": "",
                            "ipv6_cidr_block_association_id": "",
                            "map_public_ip_on_launch": "true",
                            "owner_id": "893437554381",
                            "tags.%": "3",
                            "tags.Environment": "staging",
                            "tags.Name": "Unroutable-VPC",
                            "tags.Owner": "user",
                            "vpc_id": "vpc-0a4b31cb2e8ecb771"
                        },
                        "meta": {
                            "e2bfb730-ecaa-11e6-8f88-34363bc7c4c0": {
                                "create": 600000000000,
                                "delete": 600000000000
                            },
                            "schema_version": "1"
                        },
                        "tainted": false
                    },
                    "deposed": [],
                    "provider": "provider.aws"
                },
                "aws_subnet.public.2": {
                    "type": "aws_subnet",
                    "depends_on": [
                        "local.vpc_id"
                    ],
                    "primary": {
                        "id": "subnet-0422fbe4f4d9e80b4",
                        "attributes": {
                            "arn": "arn:aws:ec2:us-west-2:893437554381:subnet/subnet-0422fbe4f4d9e80b4",
                            "assign_ipv6_address_on_creation": "false",
                            "availability_zone": "us-west-2c",
                            "availability_zone_id": "usw2-az3",
                            "cidr_block": "172.16.5.0/24",
                            "id": "subnet-0422fbe4f4d9e80b4",
                            "ipv6_cidr_block": "",
                            "ipv6_cidr_block_association_id": "",
                            "map_public_ip_on_launch": "true",
                            "owner_id": "893437554381",
                            "tags.%": "3",
                            "tags.Environment": "staging",
                            "tags.Name": "Unroutable-VPC",
                            "tags.Owner": "user",
                            "vpc_id": "vpc-0a4b31cb2e8ecb771"
                        },
                        "meta": {
                            "e2bfb730-ecaa-11e6-8f88-34363bc7c4c0": {
                                "create": 600000000000,
                                "delete": 600000000000
                            },
                            "schema_version": "1"
                        },
                        "tainted": false
                    },
                    "deposed": [],
                    "provider": "provider.aws"
                },
                "aws_vpc.this": {
                    "type": "aws_vpc",
                    "depends_on": [],
                    "primary": {
                        "id": "vpc-0a4b31cb2e8ecb771",
                        "attributes": {
                            "arn": "arn:aws:ec2:us-west-2:893437554381:vpc/vpc-0a4b31cb2e8ecb771",
                            "assign_generated_ipv6_cidr_block": "false",
                            "cidr_block": "172.16.0.0/16",
                            "default_network_acl_id": "acl-06bb91139eda39cd7",
                            "default_route_table_id": "rtb-0043043610b982d5c",
                            "default_security_group_id": "sg-0a559d75a965327e5",
                            "dhcp_options_id": "dopt-0427c867635d33c1c",
                            "enable_classiclink": "false",
                            "enable_classiclink_dns_support": "false",
                            "enable_dns_hostnames": "false",
                            "enable_dns_support": "true",
                            "id": "vpc-0a4b31cb2e8ecb771",
                            "instance_tenancy": "default",
                            "ipv6_association_id": "",
                            "ipv6_cidr_block": "",
                            "main_route_table_id": "rtb-0043043610b982d5c",
                            "owner_id": "893437554381",
                            "tags.%": "3",
                            "tags.Environment": "staging",
                            "tags.Name": "Unroutable-VPC",
                            "tags.Owner": "user"
                        },
                        "meta": {
                            "schema_version": "1"
                        },
                        "tainted": false
                    },
                    "deposed": [],
                    "provider": "provider.aws"
                },
                "aws_vpc_dhcp_options.this": {
                    "type": "aws_vpc_dhcp_options",
                    "depends_on": [],
                    "primary": {
                        "id": "dopt-0427c867635d33c1c",
                        "attributes": {
                            "domain_name": "arunsingh.co",
                            "domain_name_servers.#": "2",
                            "domain_name_servers.0": "127.0.0.1",
                            "domain_name_servers.1": "172.16.0.2",
                            "id": "dopt-0427c867635d33c1c",
                            "owner_id": "893437554381",
                            "tags.%": "3",
                            "tags.Environment": "staging",
                            "tags.Name": "Unroutable-VPC",
                            "tags.Owner": "user"
                        },
                        "meta": {},
                        "tainted": false
                    },
                    "deposed": [],
                    "provider": "provider.aws"
                },
                "aws_vpc_dhcp_options_association.this": {
                    "type": "aws_vpc_dhcp_options_association",
                    "depends_on": [
                        "aws_vpc_dhcp_options.this",
                        "local.vpc_id"
                    ],
                    "primary": {
                        "id": "dopt-0427c867635d33c1c-vpc-0a4b31cb2e8ecb771",
                        "attributes": {
                            "dhcp_options_id": "dopt-0427c867635d33c1c",
                            "id": "dopt-0427c867635d33c1c-vpc-0a4b31cb2e8ecb771",
                            "vpc_id": "vpc-0a4b31cb2e8ecb771"
                        },
                        "meta": {},
                        "tainted": false
                    },
                    "deposed": [],
                    "provider": "provider.aws"
                },
                "aws_vpc_endpoint.dynamodb": {
                    "type": "aws_vpc_endpoint",
                    "depends_on": [
                        "data.aws_vpc_endpoint_service.dynamodb",
                        "local.vpc_id"
                    ],
                    "primary": {
                        "id": "vpce-0f496c2f26f5eb94a",
                        "attributes": {
                            "cidr_blocks.#": "2",
                            "cidr_blocks.0": "52.94.28.0/23",
                            "cidr_blocks.1": "52.94.10.0/24",
                            "dns_entry.#": "0",
                            "id": "vpce-0f496c2f26f5eb94a",
                            "network_interface_ids.#": "0",
                            "policy": "{\"Statement\":[{\"Action\":\"*\",\"Effect\":\"Allow\",\"Principal\":\"*\",\"Resource\":\"*\"}],\"Version\":\"2008-10-17\"}",
                            "prefix_list_id": "pl-00a54069",
                            "private_dns_enabled": "false",
                            "route_table_ids.#": "2",
                            "route_table_ids.2303408591": "rtb-0eb101bf67850811f",
                            "route_table_ids.3415953364": "rtb-011c8c2b2a3fe9a1a",
                            "security_group_ids.#": "0",
                            "service_name": "com.amazonaws.us-west-2.dynamodb",
                            "state": "available",
                            "subnet_ids.#": "0",
                            "vpc_endpoint_type": "Gateway",
                            "vpc_id": "vpc-0a4b31cb2e8ecb771"
                        },
                        "meta": {
                            "e2bfb730-ecaa-11e6-8f88-34363bc7c4c0": {
                                "create": 600000000000,
                                "delete": 600000000000,
                                "update": 600000000000
                            }
                        },
                        "tainted": false
                    },
                    "deposed": [],
                    "provider": "provider.aws"
                },
                "aws_vpc_endpoint.s3": {
                    "type": "aws_vpc_endpoint",
                    "depends_on": [
                        "data.aws_vpc_endpoint_service.s3",
                        "local.vpc_id"
                    ],
                    "primary": {
                        "id": "vpce-07f7838868140ece1",
                        "attributes": {
                            "cidr_blocks.#": "3",
                            "cidr_blocks.0": "54.231.160.0/19",
                            "cidr_blocks.1": "52.218.128.0/17",
                            "cidr_blocks.2": "52.92.32.0/22",
                            "dns_entry.#": "0",
                            "id": "vpce-07f7838868140ece1",
                            "network_interface_ids.#": "0",
                            "policy": "{\"Statement\":[{\"Action\":\"*\",\"Effect\":\"Allow\",\"Principal\":\"*\",\"Resource\":\"*\"}],\"Version\":\"2008-10-17\"}",
                            "prefix_list_id": "pl-68a54001",
                            "private_dns_enabled": "false",
                            "route_table_ids.#": "2",
                            "route_table_ids.2303408591": "rtb-0eb101bf67850811f",
                            "route_table_ids.3415953364": "rtb-011c8c2b2a3fe9a1a",
                            "security_group_ids.#": "0",
                            "service_name": "com.amazonaws.us-west-2.s3",
                            "state": "available",
                            "subnet_ids.#": "0",
                            "vpc_endpoint_type": "Gateway",
                            "vpc_id": "vpc-0a4b31cb2e8ecb771"
                        },
                        "meta": {
                            "e2bfb730-ecaa-11e6-8f88-34363bc7c4c0": {
                                "create": 600000000000,
                                "delete": 600000000000,
                                "update": 600000000000
                            }
                        },
                        "tainted": false
                    },
                    "deposed": [],
                    "provider": "provider.aws"
                },
                "aws_vpc_endpoint_route_table_association.private_dynamodb": {
                    "type": "aws_vpc_endpoint_route_table_association",
                    "depends_on": [
                        "aws_route_table.private.*",
                        "aws_vpc_endpoint.dynamodb",
                        "local.nat_gateway_count"
                    ],
                    "primary": {
                        "id": "a-vpce-0f496c2f26f5eb94a3415953364",
                        "attributes": {
                            "id": "a-vpce-0f496c2f26f5eb94a3415953364",
                            "route_table_id": "rtb-011c8c2b2a3fe9a1a",
                            "vpc_endpoint_id": "vpce-0f496c2f26f5eb94a"
                        },
                        "meta": {},
                        "tainted": false
                    },
                    "deposed": [],
                    "provider": "provider.aws"
                },
                "aws_vpc_endpoint_route_table_association.private_s3": {
                    "type": "aws_vpc_endpoint_route_table_association",
                    "depends_on": [
                        "aws_route_table.private.*",
                        "aws_vpc_endpoint.s3",
                        "local.nat_gateway_count"
                    ],
                    "primary": {
                        "id": "a-vpce-07f7838868140ece13415953364",
                        "attributes": {
                            "id": "a-vpce-07f7838868140ece13415953364",
                            "route_table_id": "rtb-011c8c2b2a3fe9a1a",
                            "vpc_endpoint_id": "vpce-07f7838868140ece1"
                        },
                        "meta": {},
                        "tainted": false
                    },
                    "deposed": [],
                    "provider": "provider.aws"
                },
                "aws_vpc_endpoint_route_table_association.public_dynamodb": {
                    "type": "aws_vpc_endpoint_route_table_association",
                    "depends_on": [
                        "aws_route_table.public",
                        "aws_vpc_endpoint.dynamodb"
                    ],
                    "primary": {
                        "id": "a-vpce-0f496c2f26f5eb94a2303408591",
                        "attributes": {
                            "id": "a-vpce-0f496c2f26f5eb94a2303408591",
                            "route_table_id": "rtb-0eb101bf67850811f",
                            "vpc_endpoint_id": "vpce-0f496c2f26f5eb94a"
                        },
                        "meta": {},
                        "tainted": false
                    },
                    "deposed": [],
                    "provider": "provider.aws"
                },
                "aws_vpc_endpoint_route_table_association.public_s3": {
                    "type": "aws_vpc_endpoint_route_table_association",
                    "depends_on": [
                        "aws_route_table.public",
                        "aws_vpc_endpoint.s3"
                    ],
                    "primary": {
                        "id": "a-vpce-07f7838868140ece12303408591",
                        "attributes": {
                            "id": "a-vpce-07f7838868140ece12303408591",
                            "route_table_id": "rtb-0eb101bf67850811f",
                            "vpc_endpoint_id": "vpce-07f7838868140ece1"
                        },
                        "meta": {},
                        "tainted": false
                    },
                    "deposed": [],
                    "provider": "provider.aws"
                },
                "data.aws_vpc_endpoint_service.dynamodb": {
                    "type": "aws_vpc_endpoint_service",
                    "depends_on": [],
                    "primary": {
                        "id": "3114548494",
                        "attributes": {
                            "acceptance_required": "false",
                            "availability_zones.#": "3",
                            "availability_zones.2050015877": "us-west-2c",
                            "availability_zones.221770259": "us-west-2b",
                            "availability_zones.2487133097": "us-west-2a",
                            "base_endpoint_dns_names.#": "1",
                            "base_endpoint_dns_names.1153877921": "dynamodb.us-west-2.amazonaws.com",
                            "id": "3114548494",
                            "owner": "amazon",
                            "private_dns_name": "",
                            "service": "dynamodb",
                            "service_name": "com.amazonaws.us-west-2.dynamodb",
                            "service_type": "Gateway",
                            "vpc_endpoint_policy_supported": "true"
                        },
                        "meta": {},
                        "tainted": false
                    },
                    "deposed": [],
                    "provider": "provider.aws"
                },
                "data.aws_vpc_endpoint_service.s3": {
                    "type": "aws_vpc_endpoint_service",
                    "depends_on": [],
                    "primary": {
                        "id": "526544209",
                        "attributes": {
                            "acceptance_required": "false",
                            "availability_zones.#": "3",
                            "availability_zones.2050015877": "us-west-2c",
                            "availability_zones.221770259": "us-west-2b",
                            "availability_zones.2487133097": "us-west-2a",
                            "base_endpoint_dns_names.#": "1",
                            "base_endpoint_dns_names.3003388505": "s3.us-west-2.amazonaws.com",
                            "id": "526544209",
                            "owner": "amazon",
                            "private_dns_name": "",
                            "service": "s3",
                            "service_name": "com.amazonaws.us-west-2.s3",
                            "service_type": "Gateway",
                            "vpc_endpoint_policy_supported": "true"
                        },
                        "meta": {},
                        "tainted": false
                    },
                    "deposed": [],
                    "provider": "provider.aws"
                }
            },
            "depends_on": []
        },
        {
            "path": [
                "root",
                "vpc"
            ],
            "outputs": {
                "azs": {
                    "sensitive": false,
                    "type": "list",
                    "value": [
                        "us-west-2a",
                        "us-west-2b",
                        "us-west-2c"
                    ]
                },
                "database_route_table_ids": {
                    "sensitive": false,
                    "type": "list",
                    "value": [
                        "rtb-09a2d016b7ef36705"
                    ]
                },
                "database_subnet_group": {
                    "sensitive": false,
                    "type": "string",
                    "value": ""
                },
                "database_subnets": {
                    "sensitive": false,
                    "type": "list",
                    "value": []
                },
                "database_subnets_cidr_blocks": {
                    "sensitive": false,
                    "type": "list",
                    "value": []
                },
                "default_network_acl_id": {
                    "sensitive": false,
                    "type": "string",
                    "value": "acl-08f108df64fa85469"
                },
                "default_route_table_id": {
                    "sensitive": false,
                    "type": "string",
                    "value": "rtb-0712aa738fdb914df"
                },
                "default_security_group_id": {
                    "sensitive": false,
                    "type": "string",
                    "value": "sg-0182dade522a6073e"
                },
                "default_vpc_cidr_block": {
                    "sensitive": false,
                    "type": "string",
                    "value": ""
                },
                "default_vpc_default_network_acl_id": {
                    "sensitive": false,
                    "type": "string",
                    "value": ""
                },
                "default_vpc_default_route_table_id": {
                    "sensitive": false,
                    "type": "string",
                    "value": ""
                },
                "default_vpc_default_security_group_id": {
                    "sensitive": false,
                    "type": "string",
                    "value": ""
                },
                "default_vpc_enable_dns_hostnames": {
                    "sensitive": false,
                    "type": "string",
                    "value": ""
                },
                "default_vpc_enable_dns_support": {
                    "sensitive": false,
                    "type": "string",
                    "value": ""
                },
                "default_vpc_id": {
                    "sensitive": false,
                    "type": "string",
                    "value": ""
                },
                "default_vpc_instance_tenancy": {
                    "sensitive": false,
                    "type": "string",
                    "value": ""
                },
                "default_vpc_main_route_table_id": {
                    "sensitive": false,
                    "type": "string",
                    "value": ""
                },
                "elasticache_route_table_ids": {
                    "sensitive": false,
                    "type": "list",
                    "value": [
                        "rtb-09a2d016b7ef36705"
                    ]
                },
                "elasticache_subnet_group": {
                    "sensitive": false,
                    "type": "string",
                    "value": ""
                },
                "elasticache_subnet_group_name": {
                    "sensitive": false,
                    "type": "string",
                    "value": ""
                },
                "elasticache_subnets": {
                    "sensitive": false,
                    "type": "list",
                    "value": []
                },
                "elasticache_subnets_cidr_blocks": {
                    "sensitive": false,
                    "type": "list",
                    "value": []
                },
                "igw_id": {
                    "sensitive": false,
                    "type": "string",
                    "value": "igw-0cde0ba190e73385e"
                },
                "intra_route_table_ids": {
                    "sensitive": false,
                    "type": "list",
                    "value": []
                },
                "intra_subnets": {
                    "sensitive": false,
                    "type": "list",
                    "value": []
                },
                "intra_subnets_cidr_blocks": {
                    "sensitive": false,
                    "type": "list",
                    "value": []
                },
                "nat_ids": {
                    "sensitive": false,
                    "type": "list",
                    "value": [
                        "eipalloc-07ceacc3cb400b6c6"
                    ]
                },
                "nat_public_ips": {
                    "sensitive": false,
                    "type": "list",
                    "value": [
                        "52.26.85.103"
                    ]
                },
                "natgw_ids": {
                    "sensitive": false,
                    "type": "list",
                    "value": [
                        "nat-06faee51560168b27"
                    ]
                },
                "private_route_table_ids": {
                    "sensitive": false,
                    "type": "list",
                    "value": [
                        "rtb-09a2d016b7ef36705"
                    ]
                },
                "private_subnets": {
                    "sensitive": false,
                    "type": "list",
                    "value": [
                        "subnet-07a852e9f799c7c88",
                        "subnet-0850bb09f50599c55",
                        "subnet-07214729ce7356c9b"
                    ]
                },
                "private_subnets_cidr_blocks": {
                    "sensitive": false,
                    "type": "list",
                    "value": [
                        "10.10.1.0/24",
                        "10.10.2.0/24",
                        "10.10.3.0/24"
                    ]
                },
                "public_route_table_ids": {
                    "sensitive": false,
                    "type": "list",
                    "value": [
                        "rtb-069c482f0d0950899"
                    ]
                },
                "public_subnets": {
                    "sensitive": false,
                    "type": "list",
                    "value": [
                        "subnet-0c3f4e1b2d374e8e7",
                        "subnet-0a226db58d722f3be",
                        "subnet-02d64b8e18123d376"
                    ]
                },
                "public_subnets_cidr_blocks": {
                    "sensitive": false,
                    "type": "list",
                    "value": [
                        "10.10.11.0/24",
                        "10.10.12.0/24",
                        "10.10.13.0/24"
                    ]
                },
                "redshift_route_table_ids": {
                    "sensitive": false,
                    "type": "list",
                    "value": [
                        "rtb-09a2d016b7ef36705"
                    ]
                },
                "redshift_subnet_group": {
                    "sensitive": false,
                    "type": "string",
                    "value": ""
                },
                "redshift_subnets": {
                    "sensitive": false,
                    "type": "list",
                    "value": []
                },
                "redshift_subnets_cidr_blocks": {
                    "sensitive": false,
                    "type": "list",
                    "value": []
                },
                "vgw_id": {
                    "sensitive": false,
                    "type": "string",
                    "value": ""
                },
                "vpc_cidr_block": {
                    "sensitive": false,
                    "type": "string",
                    "value": "10.10.0.0/16"
                },
                "vpc_enable_dns_hostnames": {
                    "sensitive": false,
                    "type": "string",
                    "value": "false"
                },
                "vpc_enable_dns_support": {
                    "sensitive": false,
                    "type": "string",
                    "value": "true"
                },
                "vpc_endpoint_dynamodb_id": {
                    "sensitive": false,
                    "type": "string",
                    "value": "vpce-0c351d248fbbb3686"
                },
                "vpc_endpoint_dynamodb_pl_id": {
                    "sensitive": false,
                    "type": "string",
                    "value": "pl-00a54069"
                },
                "vpc_endpoint_s3_id": {
                    "sensitive": false,
                    "type": "string",
                    "value": "vpce-0ae93b2f6e72dc729"
                },
                "vpc_endpoint_s3_pl_id": {
                    "sensitive": false,
                    "type": "string",
                    "value": "pl-68a54001"
                },
                "vpc_id": {
                    "sensitive": false,
                    "type": "string",
                    "value": "vpc-0f9ddce52e1dde549"
                },
                "vpc_instance_tenancy": {
                    "sensitive": false,
                    "type": "string",
                    "value": "default"
                },
                "vpc_main_route_table_id": {
                    "sensitive": false,
                    "type": "string",
                    "value": "rtb-0712aa738fdb914df"
                },
                "vpc_secondary_cidr_blocks": {
                    "sensitive": false,
                    "type": "list",
                    "value": []
                }
            },
            "resources": {
                "aws_eip.nat": {
                    "type": "aws_eip",
                    "depends_on": [
                        "local.nat_gateway_count"
                    ],
                    "primary": {
                        "id": "eipalloc-07ceacc3cb400b6c6",
                        "attributes": {
                            "association_id": "eipassoc-21a872de",
                            "domain": "vpc",
                            "id": "eipalloc-07ceacc3cb400b6c6",
                            "instance": "",
                            "network_interface": "eni-062b9d5a4978034a8",
                            "private_ip": "10.10.11.175",
                            "public_ip": "52.26.85.103",
                            "public_ipv4_pool": "amazon",
                            "tags.%": "3",
                            "tags.Environment": "staging",
                            "tags.Name": "Unroutable-VPC",
                            "tags.Owner": "Arun",
                            "vpc": "true"
                        },
                        "meta": {
                            "e2bfb730-ecaa-11e6-8f88-34363bc7c4c0": {
                                "delete": 180000000000,
                                "read": 900000000000,
                                "update": 300000000000
                            }
                        },
                        "tainted": false
                    },
                    "deposed": [],
                    "provider": "provider.aws"
                },
                "aws_internet_gateway.this": {
                    "type": "aws_internet_gateway",
                    "depends_on": [
                        "local.vpc_id"
                    ],
                    "primary": {
                        "id": "igw-0cde0ba190e73385e",
                        "attributes": {
                            "id": "igw-0cde0ba190e73385e",
                            "owner_id": "893437554381",
                            "tags.%": "3",
                            "tags.Environment": "staging",
                            "tags.Name": "Unroutable-VPC",
                            "tags.Owner": "Arun",
                            "vpc_id": "vpc-0f9ddce52e1dde549"
                        },
                        "meta": {},
                        "tainted": false
                    },
                    "deposed": [],
                    "provider": "provider.aws"
                },
                "aws_nat_gateway.this": {
                    "type": "aws_nat_gateway",
                    "depends_on": [
                        "aws_internet_gateway.this",
                        "aws_subnet.public.*",
                        "local.nat_gateway_count",
                        "local.nat_gateway_ips"
                    ],
                    "primary": {
                        "id": "nat-06faee51560168b27",
                        "attributes": {
                            "allocation_id": "eipalloc-07ceacc3cb400b6c6",
                            "id": "nat-06faee51560168b27",
                            "network_interface_id": "eni-062b9d5a4978034a8",
                            "private_ip": "10.10.11.175",
                            "public_ip": "52.26.85.103",
                            "subnet_id": "subnet-0c3f4e1b2d374e8e7",
                            "tags.%": "3",
                            "tags.Environment": "staging",
                            "tags.Name": "Unroutable-VPC",
                            "tags.Owner": "Arun"
                        },
                        "meta": {},
                        "tainted": false
                    },
                    "deposed": [],
                    "provider": "provider.aws"
                },
                "aws_route.private_nat_gateway": {
                    "type": "aws_route",
                    "depends_on": [
                        "aws_nat_gateway.this.*",
                        "aws_route_table.private.*",
                        "local.nat_gateway_count"
                    ],
                    "primary": {
                        "id": "r-rtb-09a2d016b7ef367051080289494",
                        "attributes": {
                            "destination_cidr_block": "0.0.0.0/0",
                            "destination_prefix_list_id": "",
                            "egress_only_gateway_id": "",
                            "gateway_id": "",
                            "id": "r-rtb-09a2d016b7ef367051080289494",
                            "instance_id": "",
                            "instance_owner_id": "",
                            "nat_gateway_id": "nat-06faee51560168b27",
                            "network_interface_id": "",
                            "origin": "CreateRoute",
                            "route_table_id": "rtb-09a2d016b7ef36705",
                            "state": "active",
                            "transit_gateway_id": "",
                            "vpc_peering_connection_id": ""
                        },
                        "meta": {
                            "e2bfb730-ecaa-11e6-8f88-34363bc7c4c0": {
                                "create": 300000000000,
                                "delete": 300000000000
                            }
                        },
                        "tainted": false
                    },
                    "deposed": [],
                    "provider": "provider.aws"
                },
                "aws_route.public_internet_gateway": {
                    "type": "aws_route",
                    "depends_on": [
                        "aws_internet_gateway.this",
                        "aws_route_table.public"
                    ],
                    "primary": {
                        "id": "r-rtb-069c482f0d09508991080289494",
                        "attributes": {
                            "destination_cidr_block": "0.0.0.0/0",
                            "destination_prefix_list_id": "",
                            "egress_only_gateway_id": "",
                            "gateway_id": "igw-0cde0ba190e73385e",
                            "id": "r-rtb-069c482f0d09508991080289494",
                            "instance_id": "",
                            "instance_owner_id": "",
                            "nat_gateway_id": "",
                            "network_interface_id": "",
                            "origin": "CreateRoute",
                            "route_table_id": "rtb-069c482f0d0950899",
                            "state": "active",
                            "transit_gateway_id": "",
                            "vpc_peering_connection_id": ""
                        },
                        "meta": {
                            "e2bfb730-ecaa-11e6-8f88-34363bc7c4c0": {
                                "create": 300000000000,
                                "delete": 300000000000
                            }
                        },
                        "tainted": false
                    },
                    "deposed": [],
                    "provider": "provider.aws"
                },
                "aws_route_table.private": {
                    "type": "aws_route_table",
                    "depends_on": [
                        "local.max_subnet_length",
                        "local.nat_gateway_count",
                        "local.vpc_id"
                    ],
                    "primary": {
                        "id": "rtb-09a2d016b7ef36705",
                        "attributes": {
                            "id": "rtb-09a2d016b7ef36705",
                            "owner_id": "893437554381",
                            "propagating_vgws.#": "0",
                            "route.#": "1",
                            "route.1645947486.cidr_block": "0.0.0.0/0",
                            "route.1645947486.egress_only_gateway_id": "",
                            "route.1645947486.gateway_id": "",
                            "route.1645947486.instance_id": "",
                            "route.1645947486.ipv6_cidr_block": "",
                            "route.1645947486.nat_gateway_id": "nat-06faee51560168b27",
                            "route.1645947486.network_interface_id": "",
                            "route.1645947486.transit_gateway_id": "",
                            "route.1645947486.vpc_peering_connection_id": "",
                            "tags.%": "3",
                            "tags.Environment": "staging",
                            "tags.Name": "Unroutable-VPC",
                            "tags.Owner": "Arun",
                            "vpc_id": "vpc-0f9ddce52e1dde549"
                        },
                        "meta": {},
                        "tainted": false
                    },
                    "deposed": [],
                    "provider": "provider.aws"
                },
                "aws_route_table.public": {
                    "type": "aws_route_table",
                    "depends_on": [
                        "local.vpc_id"
                    ],
                    "primary": {
                        "id": "rtb-069c482f0d0950899",
                        "attributes": {
                            "id": "rtb-069c482f0d0950899",
                            "owner_id": "893437554381",
                            "propagating_vgws.#": "0",
                            "route.#": "1",
                            "route.951233329.cidr_block": "0.0.0.0/0",
                            "route.951233329.egress_only_gateway_id": "",
                            "route.951233329.gateway_id": "igw-0cde0ba190e73385e",
                            "route.951233329.instance_id": "",
                            "route.951233329.ipv6_cidr_block": "",
                            "route.951233329.nat_gateway_id": "",
                            "route.951233329.network_interface_id": "",
                            "route.951233329.transit_gateway_id": "",
                            "route.951233329.vpc_peering_connection_id": "",
                            "tags.%": "3",
                            "tags.Environment": "staging",
                            "tags.Name": "Unroutable-VPC",
                            "tags.Owner": "Arun",
                            "vpc_id": "vpc-0f9ddce52e1dde549"
                        },
                        "meta": {},
                        "tainted": false
                    },
                    "deposed": [],
                    "provider": "provider.aws"
                },
                "aws_route_table_association.private.0": {
                    "type": "aws_route_table_association",
                    "depends_on": [
                        "aws_route_table.private.*",
                        "aws_subnet.private.*"
                    ],
                    "primary": {
                        "id": "rtbassoc-023adc50c0d42c8ac",
                        "attributes": {
                            "id": "rtbassoc-023adc50c0d42c8ac",
                            "route_table_id": "rtb-09a2d016b7ef36705",
                            "subnet_id": "subnet-07a852e9f799c7c88"
                        },
                        "meta": {},
                        "tainted": false
                    },
                    "deposed": [],
                    "provider": "provider.aws"
                },
                "aws_route_table_association.private.1": {
                    "type": "aws_route_table_association",
                    "depends_on": [
                        "aws_route_table.private.*",
                        "aws_subnet.private.*"
                    ],
                    "primary": {
                        "id": "rtbassoc-016fe003e083041df",
                        "attributes": {
                            "id": "rtbassoc-016fe003e083041df",
                            "route_table_id": "rtb-09a2d016b7ef36705",
                            "subnet_id": "subnet-0850bb09f50599c55"
                        },
                        "meta": {},
                        "tainted": false
                    },
                    "deposed": [],
                    "provider": "provider.aws"
                },
                "aws_route_table_association.private.2": {
                    "type": "aws_route_table_association",
                    "depends_on": [
                        "aws_route_table.private.*",
                        "aws_subnet.private.*"
                    ],
                    "primary": {
                        "id": "rtbassoc-03b3c99d257d79376",
                        "attributes": {
                            "id": "rtbassoc-03b3c99d257d79376",
                            "route_table_id": "rtb-09a2d016b7ef36705",
                            "subnet_id": "subnet-07214729ce7356c9b"
                        },
                        "meta": {},
                        "tainted": false
                    },
                    "deposed": [],
                    "provider": "provider.aws"
                },
                "aws_route_table_association.public.0": {
                    "type": "aws_route_table_association",
                    "depends_on": [
                        "aws_route_table.public",
                        "aws_subnet.public.*"
                    ],
                    "primary": {
                        "id": "rtbassoc-062171f9d67e2ac04",
                        "attributes": {
                            "id": "rtbassoc-062171f9d67e2ac04",
                            "route_table_id": "rtb-069c482f0d0950899",
                            "subnet_id": "subnet-0c3f4e1b2d374e8e7"
                        },
                        "meta": {},
                        "tainted": false
                    },
                    "deposed": [],
                    "provider": "provider.aws"
                },
                "aws_route_table_association.public.1": {
                    "type": "aws_route_table_association",
                    "depends_on": [
                        "aws_route_table.public",
                        "aws_subnet.public.*"
                    ],
                    "primary": {
                        "id": "rtbassoc-047a9ed1ebf4a1f75",
                        "attributes": {
                            "id": "rtbassoc-047a9ed1ebf4a1f75",
                            "route_table_id": "rtb-069c482f0d0950899",
                            "subnet_id": "subnet-0a226db58d722f3be"
                        },
                        "meta": {},
                        "tainted": false
                    },
                    "deposed": [],
                    "provider": "provider.aws"
                },
                "aws_route_table_association.public.2": {
                    "type": "aws_route_table_association",
                    "depends_on": [
                        "aws_route_table.public",
                        "aws_subnet.public.*"
                    ],
                    "primary": {
                        "id": "rtbassoc-075efcc6f4369b181",
                        "attributes": {
                            "id": "rtbassoc-075efcc6f4369b181",
                            "route_table_id": "rtb-069c482f0d0950899",
                            "subnet_id": "subnet-02d64b8e18123d376"
                        },
                        "meta": {},
                        "tainted": false
                    },
                    "deposed": [],
                    "provider": "provider.aws"
                },
                "aws_subnet.private.0": {
                    "type": "aws_subnet",
                    "depends_on": [
                        "local.vpc_id"
                    ],
                    "primary": {
                        "id": "subnet-07a852e9f799c7c88",
                        "attributes": {
                            "arn": "arn:aws:ec2:us-west-2:893437554381:subnet/subnet-07a852e9f799c7c88",
                            "assign_ipv6_address_on_creation": "false",
                            "availability_zone": "us-west-2a",
                            "availability_zone_id": "usw2-az1",
                            "cidr_block": "10.10.1.0/24",
                            "id": "subnet-07a852e9f799c7c88",
                            "ipv6_cidr_block": "",
                            "ipv6_cidr_block_association_id": "",
                            "map_public_ip_on_launch": "false",
                            "owner_id": "893437554381",
                            "tags.%": "3",
                            "tags.Environment": "staging",
                            "tags.Name": "Unroutable-VPC",
                            "tags.Owner": "Arun",
                            "vpc_id": "vpc-0f9ddce52e1dde549"
                        },
                        "meta": {
                            "e2bfb730-ecaa-11e6-8f88-34363bc7c4c0": {
                                "create": 600000000000,
                                "delete": 600000000000
                            },
                            "schema_version": "1"
                        },
                        "tainted": false
                    },
                    "deposed": [],
                    "provider": "provider.aws"
                },
                "aws_subnet.private.1": {
                    "type": "aws_subnet",
                    "depends_on": [
                        "local.vpc_id"
                    ],
                    "primary": {
                        "id": "subnet-0850bb09f50599c55",
                        "attributes": {
                            "arn": "arn:aws:ec2:us-west-2:893437554381:subnet/subnet-0850bb09f50599c55",
                            "assign_ipv6_address_on_creation": "false",
                            "availability_zone": "us-west-2b",
                            "availability_zone_id": "usw2-az2",
                            "cidr_block": "10.10.2.0/24",
                            "id": "subnet-0850bb09f50599c55",
                            "ipv6_cidr_block": "",
                            "ipv6_cidr_block_association_id": "",
                            "map_public_ip_on_launch": "false",
                            "owner_id": "893437554381",
                            "tags.%": "3",
                            "tags.Environment": "staging",
                            "tags.Name": "Unroutable-VPC",
                            "tags.Owner": "Arun",
                            "vpc_id": "vpc-0f9ddce52e1dde549"
                        },
                        "meta": {
                            "e2bfb730-ecaa-11e6-8f88-34363bc7c4c0": {
                                "create": 600000000000,
                                "delete": 600000000000
                            },
                            "schema_version": "1"
                        },
                        "tainted": false
                    },
                    "deposed": [],
                    "provider": "provider.aws"
                },
                "aws_subnet.private.2": {
                    "type": "aws_subnet",
                    "depends_on": [
                        "local.vpc_id"
                    ],
                    "primary": {
                        "id": "subnet-07214729ce7356c9b",
                        "attributes": {
                            "arn": "arn:aws:ec2:us-west-2:893437554381:subnet/subnet-07214729ce7356c9b",
                            "assign_ipv6_address_on_creation": "false",
                            "availability_zone": "us-west-2c",
                            "availability_zone_id": "usw2-az3",
                            "cidr_block": "10.10.3.0/24",
                            "id": "subnet-07214729ce7356c9b",
                            "ipv6_cidr_block": "",
                            "ipv6_cidr_block_association_id": "",
                            "map_public_ip_on_launch": "false",
                            "owner_id": "893437554381",
                            "tags.%": "3",
                            "tags.Environment": "staging",
                            "tags.Name": "Unroutable-VPC",
                            "tags.Owner": "Arun",
                            "vpc_id": "vpc-0f9ddce52e1dde549"
                        },
                        "meta": {
                            "e2bfb730-ecaa-11e6-8f88-34363bc7c4c0": {
                                "create": 600000000000,
                                "delete": 600000000000
                            },
                            "schema_version": "1"
                        },
                        "tainted": false
                    },
                    "deposed": [],
                    "provider": "provider.aws"
                },
                "aws_subnet.public.0": {
                    "type": "aws_subnet",
                    "depends_on": [
                        "local.vpc_id"
                    ],
                    "primary": {
                        "id": "subnet-0c3f4e1b2d374e8e7",
                        "attributes": {
                            "arn": "arn:aws:ec2:us-west-2:893437554381:subnet/subnet-0c3f4e1b2d374e8e7",
                            "assign_ipv6_address_on_creation": "false",
                            "availability_zone": "us-west-2a",
                            "availability_zone_id": "usw2-az1",
                            "cidr_block": "10.10.11.0/24",
                            "id": "subnet-0c3f4e1b2d374e8e7",
                            "ipv6_cidr_block": "",
                            "ipv6_cidr_block_association_id": "",
                            "map_public_ip_on_launch": "true",
                            "owner_id": "893437554381",
                            "tags.%": "3",
                            "tags.Environment": "staging",
                            "tags.Name": "Unroutable-VPC",
                            "tags.Owner": "Arun",
                            "vpc_id": "vpc-0f9ddce52e1dde549"
                        },
                        "meta": {
                            "e2bfb730-ecaa-11e6-8f88-34363bc7c4c0": {
                                "create": 600000000000,
                                "delete": 600000000000
                            },
                            "schema_version": "1"
                        },
                        "tainted": false
                    },
                    "deposed": [],
                    "provider": "provider.aws"
                },
                "aws_subnet.public.1": {
                    "type": "aws_subnet",
                    "depends_on": [
                        "local.vpc_id"
                    ],
                    "primary": {
                        "id": "subnet-0a226db58d722f3be",
                        "attributes": {
                            "arn": "arn:aws:ec2:us-west-2:893437554381:subnet/subnet-0a226db58d722f3be",
                            "assign_ipv6_address_on_creation": "false",
                            "availability_zone": "us-west-2b",
                            "availability_zone_id": "usw2-az2",
                            "cidr_block": "10.10.12.0/24",
                            "id": "subnet-0a226db58d722f3be",
                            "ipv6_cidr_block": "",
                            "ipv6_cidr_block_association_id": "",
                            "map_public_ip_on_launch": "true",
                            "owner_id": "893437554381",
                            "tags.%": "3",
                            "tags.Environment": "staging",
                            "tags.Name": "Unroutable-VPC",
                            "tags.Owner": "Arun",
                            "vpc_id": "vpc-0f9ddce52e1dde549"
                        },
                        "meta": {
                            "e2bfb730-ecaa-11e6-8f88-34363bc7c4c0": {
                                "create": 600000000000,
                                "delete": 600000000000
                            },
                            "schema_version": "1"
                        },
                        "tainted": false
                    },
                    "deposed": [],
                    "provider": "provider.aws"
                },
                "aws_subnet.public.2": {
                    "type": "aws_subnet",
                    "depends_on": [
                        "local.vpc_id"
                    ],
                    "primary": {
                        "id": "subnet-02d64b8e18123d376",
                        "attributes": {
                            "arn": "arn:aws:ec2:us-west-2:893437554381:subnet/subnet-02d64b8e18123d376",
                            "assign_ipv6_address_on_creation": "false",
                            "availability_zone": "us-west-2c",
                            "availability_zone_id": "usw2-az3",
                            "cidr_block": "10.10.13.0/24",
                            "id": "subnet-02d64b8e18123d376",
                            "ipv6_cidr_block": "",
                            "ipv6_cidr_block_association_id": "",
                            "map_public_ip_on_launch": "true",
                            "owner_id": "893437554381",
                            "tags.%": "3",
                            "tags.Environment": "staging",
                            "tags.Name": "Unroutable-VPC",
                            "tags.Owner": "Arun",
                            "vpc_id": "vpc-0f9ddce52e1dde549"
                        },
                        "meta": {
                            "e2bfb730-ecaa-11e6-8f88-34363bc7c4c0": {
                                "create": 600000000000,
                                "delete": 600000000000
                            },
                            "schema_version": "1"
                        },
                        "tainted": false
                    },
                    "deposed": [],
                    "provider": "provider.aws"
                },
                "aws_vpc.this": {
                    "type": "aws_vpc",
                    "depends_on": [],
                    "primary": {
                        "id": "vpc-0f9ddce52e1dde549",
                        "attributes": {
                            "arn": "arn:aws:ec2:us-west-2:893437554381:vpc/vpc-0f9ddce52e1dde549",
                            "assign_generated_ipv6_cidr_block": "false",
                            "cidr_block": "10.10.0.0/16",
                            "default_network_acl_id": "acl-08f108df64fa85469",
                            "default_route_table_id": "rtb-0712aa738fdb914df",
                            "default_security_group_id": "sg-0182dade522a6073e",
                            "dhcp_options_id": "dopt-0764c4ee2abbe4907",
                            "enable_classiclink": "false",
                            "enable_classiclink_dns_support": "false",
                            "enable_dns_hostnames": "false",
                            "enable_dns_support": "true",
                            "id": "vpc-0f9ddce52e1dde549",
                            "instance_tenancy": "default",
                            "ipv6_association_id": "",
                            "ipv6_cidr_block": "",
                            "main_route_table_id": "rtb-0712aa738fdb914df",
                            "owner_id": "893437554381",
                            "tags.%": "3",
                            "tags.Environment": "staging",
                            "tags.Name": "Unroutable-VPC",
                            "tags.Owner": "Arun"
                        },
                        "meta": {
                            "schema_version": "1"
                        },
                        "tainted": false
                    },
                    "deposed": [],
                    "provider": "provider.aws"
                },
                "aws_vpc_dhcp_options.this": {
                    "type": "aws_vpc_dhcp_options",
                    "depends_on": [],
                    "primary": {
                        "id": "dopt-0764c4ee2abbe4907",
                        "attributes": {
                            "domain_name": "arunsingh.co",
                            "domain_name_servers.#": "2",
                            "domain_name_servers.0": "127.0.0.1",
                            "domain_name_servers.1": "10.10.0.2",
                            "id": "dopt-0764c4ee2abbe4907",
                            "owner_id": "893437554381",
                            "tags.%": "3",
                            "tags.Environment": "staging",
                            "tags.Name": "Unroutable-VPC",
                            "tags.Owner": "Arun"
                        },
                        "meta": {},
                        "tainted": false
                    },
                    "deposed": [],
                    "provider": "provider.aws"
                },
                "aws_vpc_dhcp_options_association.this": {
                    "type": "aws_vpc_dhcp_options_association",
                    "depends_on": [
                        "aws_vpc_dhcp_options.this",
                        "local.vpc_id"
                    ],
                    "primary": {
                        "id": "dopt-0764c4ee2abbe4907-vpc-0f9ddce52e1dde549",
                        "attributes": {
                            "dhcp_options_id": "dopt-0764c4ee2abbe4907",
                            "id": "dopt-0764c4ee2abbe4907-vpc-0f9ddce52e1dde549",
                            "vpc_id": "vpc-0f9ddce52e1dde549"
                        },
                        "meta": {},
                        "tainted": false
                    },
                    "deposed": [],
                    "provider": "provider.aws"
                },
                "aws_vpc_endpoint.dynamodb": {
                    "type": "aws_vpc_endpoint",
                    "depends_on": [
                        "data.aws_vpc_endpoint_service.dynamodb",
                        "local.vpc_id"
                    ],
                    "primary": {
                        "id": "vpce-0c351d248fbbb3686",
                        "attributes": {
                            "cidr_blocks.#": "2",
                            "cidr_blocks.0": "52.94.28.0/23",
                            "cidr_blocks.1": "52.94.10.0/24",
                            "dns_entry.#": "0",
                            "id": "vpce-0c351d248fbbb3686",
                            "network_interface_ids.#": "0",
                            "policy": "{\"Statement\":[{\"Action\":\"*\",\"Effect\":\"Allow\",\"Principal\":\"*\",\"Resource\":\"*\"}],\"Version\":\"2008-10-17\"}",
                            "prefix_list_id": "pl-00a54069",
                            "private_dns_enabled": "false",
                            "route_table_ids.#": "2",
                            "route_table_ids.107666504": "rtb-069c482f0d0950899",
                            "route_table_ids.786424622": "rtb-09a2d016b7ef36705",
                            "security_group_ids.#": "0",
                            "service_name": "com.amazonaws.us-west-2.dynamodb",
                            "state": "available",
                            "subnet_ids.#": "0",
                            "vpc_endpoint_type": "Gateway",
                            "vpc_id": "vpc-0f9ddce52e1dde549"
                        },
                        "meta": {
                            "e2bfb730-ecaa-11e6-8f88-34363bc7c4c0": {
                                "create": 600000000000,
                                "delete": 600000000000,
                                "update": 600000000000
                            }
                        },
                        "tainted": false
                    },
                    "deposed": [],
                    "provider": "provider.aws"
                },
                "aws_vpc_endpoint.s3": {
                    "type": "aws_vpc_endpoint",
                    "depends_on": [
                        "data.aws_vpc_endpoint_service.s3",
                        "local.vpc_id"
                    ],
                    "primary": {
                        "id": "vpce-0ae93b2f6e72dc729",
                        "attributes": {
                            "cidr_blocks.#": "3",
                            "cidr_blocks.0": "54.231.160.0/19",
                            "cidr_blocks.1": "52.218.128.0/17",
                            "cidr_blocks.2": "52.92.32.0/22",
                            "dns_entry.#": "0",
                            "id": "vpce-0ae93b2f6e72dc729",
                            "network_interface_ids.#": "0",
                            "policy": "{\"Statement\":[{\"Action\":\"*\",\"Effect\":\"Allow\",\"Principal\":\"*\",\"Resource\":\"*\"}],\"Version\":\"2008-10-17\"}",
                            "prefix_list_id": "pl-68a54001",
                            "private_dns_enabled": "false",
                            "route_table_ids.#": "2",
                            "route_table_ids.107666504": "rtb-069c482f0d0950899",
                            "route_table_ids.786424622": "rtb-09a2d016b7ef36705",
                            "security_group_ids.#": "0",
                            "service_name": "com.amazonaws.us-west-2.s3",
                            "state": "available",
                            "subnet_ids.#": "0",
                            "vpc_endpoint_type": "Gateway",
                            "vpc_id": "vpc-0f9ddce52e1dde549"
                        },
                        "meta": {
                            "e2bfb730-ecaa-11e6-8f88-34363bc7c4c0": {
                                "create": 600000000000,
                                "delete": 600000000000,
                                "update": 600000000000
                            }
                        },
                        "tainted": false
                    },
                    "deposed": [],
                    "provider": "provider.aws"
                },
                "aws_vpc_endpoint_route_table_association.private_dynamodb": {
                    "type": "aws_vpc_endpoint_route_table_association",
                    "depends_on": [
                        "aws_route_table.private.*",
                        "aws_vpc_endpoint.dynamodb",
                        "local.nat_gateway_count"
                    ],
                    "primary": {
                        "id": "a-vpce-0c351d248fbbb3686786424622",
                        "attributes": {
                            "id": "a-vpce-0c351d248fbbb3686786424622",
                            "route_table_id": "rtb-09a2d016b7ef36705",
                            "vpc_endpoint_id": "vpce-0c351d248fbbb3686"
                        },
                        "meta": {},
                        "tainted": false
                    },
                    "deposed": [],
                    "provider": "provider.aws"
                },
                "aws_vpc_endpoint_route_table_association.private_s3": {
                    "type": "aws_vpc_endpoint_route_table_association",
                    "depends_on": [
                        "aws_route_table.private.*",
                        "aws_vpc_endpoint.s3",
                        "local.nat_gateway_count"
                    ],
                    "primary": {
                        "id": "a-vpce-0ae93b2f6e72dc729786424622",
                        "attributes": {
                            "id": "a-vpce-0ae93b2f6e72dc729786424622",
                            "route_table_id": "rtb-09a2d016b7ef36705",
                            "vpc_endpoint_id": "vpce-0ae93b2f6e72dc729"
                        },
                        "meta": {},
                        "tainted": false
                    },
                    "deposed": [],
                    "provider": "provider.aws"
                },
                "aws_vpc_endpoint_route_table_association.public_dynamodb": {
                    "type": "aws_vpc_endpoint_route_table_association",
                    "depends_on": [
                        "aws_route_table.public",
                        "aws_vpc_endpoint.dynamodb"
                    ],
                    "primary": {
                        "id": "a-vpce-0c351d248fbbb3686107666504",
                        "attributes": {
                            "id": "a-vpce-0c351d248fbbb3686107666504",
                            "route_table_id": "rtb-069c482f0d0950899",
                            "vpc_endpoint_id": "vpce-0c351d248fbbb3686"
                        },
                        "meta": {},
                        "tainted": false
                    },
                    "deposed": [],
                    "provider": "provider.aws"
                },
                "aws_vpc_endpoint_route_table_association.public_s3": {
                    "type": "aws_vpc_endpoint_route_table_association",
                    "depends_on": [
                        "aws_route_table.public",
                        "aws_vpc_endpoint.s3"
                    ],
                    "primary": {
                        "id": "a-vpce-0ae93b2f6e72dc729107666504",
                        "attributes": {
                            "id": "a-vpce-0ae93b2f6e72dc729107666504",
                            "route_table_id": "rtb-069c482f0d0950899",
                            "vpc_endpoint_id": "vpce-0ae93b2f6e72dc729"
                        },
                        "meta": {},
                        "tainted": false
                    },
                    "deposed": [],
                    "provider": "provider.aws"
                },
                "data.aws_vpc_endpoint_service.dynamodb": {
                    "type": "aws_vpc_endpoint_service",
                    "depends_on": [],
                    "primary": {
                        "id": "3114548494",
                        "attributes": {
                            "acceptance_required": "false",
                            "availability_zones.#": "3",
                            "availability_zones.2050015877": "us-west-2c",
                            "availability_zones.221770259": "us-west-2b",
                            "availability_zones.2487133097": "us-west-2a",
                            "base_endpoint_dns_names.#": "1",
                            "base_endpoint_dns_names.1153877921": "dynamodb.us-west-2.amazonaws.com",
                            "id": "3114548494",
                            "owner": "amazon",
                            "private_dns_name": "",
                            "service": "dynamodb",
                            "service_name": "com.amazonaws.us-west-2.dynamodb",
                            "service_type": "Gateway",
                            "vpc_endpoint_policy_supported": "true"
                        },
                        "meta": {},
                        "tainted": false
                    },
                    "deposed": [],
                    "provider": "provider.aws"
                },
                "data.aws_vpc_endpoint_service.s3": {
                    "type": "aws_vpc_endpoint_service",
                    "depends_on": [],
                    "primary": {
                        "id": "526544209",
                        "attributes": {
                            "acceptance_required": "false",
                            "availability_zones.#": "3",
                            "availability_zones.2050015877": "us-west-2c",
                            "availability_zones.221770259": "us-west-2b",
                            "availability_zones.2487133097": "us-west-2a",
                            "base_endpoint_dns_names.#": "1",
                            "base_endpoint_dns_names.3003388505": "s3.us-west-2.amazonaws.com",
                            "id": "526544209",
                            "owner": "amazon",
                            "private_dns_name": "",
                            "service": "s3",
                            "service_name": "com.amazonaws.us-west-2.s3",
                            "service_type": "Gateway",
                            "vpc_endpoint_policy_supported": "true"
                        },
                        "meta": {},
                        "tainted": false
                    },
                    "deposed": [],
                    "provider": "provider.aws"
                }
            },
            "depends_on": []
        }
    ]
}
